
Microsoft Visual Studio Solution File, Format Version 12.00
# Visual Studio Version 16
VisualStudioVersion = 16.0.31911.196
MinimumVisualStudioVersion = 10.0.40219.1
Project("{2150E333-8FDC-42A3-9474-1A3956D46DE8}") = "FrontEnd", "FrontEnd", "{E6C1FC54-7253-41C0-A0BB-FE9E21F24D10}"
EndProject
Project("{9A19103F-16F7-4668-BE54-9A1E7A4F7556}") = "Avocado.Web", "Avocado.Web\Avocado.Web.csproj", "{D79B6AF0-772F-478E-B85B-A8AFA28D1379}"
EndProject
Project("{2150E333-8FDC-42A3-9474-1A3956D46DE8}") = "Services", "Services", "{E0E121FE-0118-4212-93C6-CC7FEBEF9631}"
EndProject
Project("{9A19103F-16F7-4668-BE54-9A1E7A4F7556}") = "Avocado.Services.ProductAPI", "Avocado.Services.ProductAPI\Avocado.Services.ProductAPI.csproj", "{CEC22085-EF49-45CC-A530-4D570D837888}"
EndProject
Project("{FAE04EC0-301F-11D3-BF4B-00C04F79EFBC}") = "Avocado.Services.IdentityServer", "Avocado.Services.IdentityServer\Avocado.Services.IdentityServer.csproj", "{B46906D5-4EEF-4A9B-930E-FB6C849C5C8F}"
EndProject
Global
	GlobalSection(SolutionConfigurationPlatforms) = preSolution
		Debug|Any CPU = Debug|Any CPU
		Release|Any CPU = Release|Any CPU
	EndGlobalSection
	GlobalSection(ProjectConfigurationPlatforms) = postSolution
		{D79B6AF0-772F-478E-B85B-A8AFA28D1379}.Debug|Any CPU.ActiveCfg = Debug|Any CPU
		{D79B6AF0-772F-478E-B85B-A8AFA28D1379}.Debug|Any CPU.Build.0 = Debug|Any CPU
		{D79B6AF0-772F-478E-B85B-A8AFA28D1379}.Release|Any CPU.ActiveCfg = Release|Any CPU
		{D79B6AF0-772F-478E-B85B-A8AFA28D1379}.Release|Any CPU.Build.0 = Release|Any CPU
		{CEC22085-EF49-45CC-A530-4D570D837888}.Debug|Any CPU.ActiveCfg = Debug|Any CPU
		{CEC22085-EF49-45CC-A530-4D570D837888}.Debug|Any CPU.Build.0 = Debug|Any CPU
		{CEC22085-EF49-45CC-A530-4D570D837888}.Release|Any CPU.ActiveCfg = Release|Any CPU
		{CEC22085-EF49-45CC-A530-4D570D837888}.Release|Any CPU.Build.0 = Release|Any CPU
		{B46906D5-4EEF-4A9B-930E-FB6C849C5C8F}.Debug|Any CPU.ActiveCfg = Debug|Any CPU
		{B46906D5-4EEF-4A9B-930E-FB6C849C5C8F}.Debug|Any CPU.Build.0 = Debug|Any CPU
		{B46906D5-4EEF-4A9B-930E-FB6C849C5C8F}.Release|Any CPU.ActiveCfg = Release|Any CPU
		{B46906D5-4EEF-4A9B-930E-FB6C849C5C8F}.Release|Any CPU.Build.0 = Release|Any CPU
	EndGlobalSection
	GlobalSection(SolutionProperties) = preSolution
		HideSolutionNode = FALSE
	EndGlobalSection
	GlobalSection(NestedProjects) = preSolution
		{D79B6AF0-772F-478E-B85B-A8AFA28D1379} = {E6C1FC54-7253-41C0-A0BB-FE9E21F24D10}
		{CEC22085-EF49-45CC-A530-4D570D837888} = {E0E121FE-0118-4212-93C6-CC7FEBEF9631}
		{B46906D5-4EEF-4A9B-930E-FB6C849C5C8F} = {E0E121FE-0118-4212-93C6-CC7FEBEF9631}
	EndGlobalSection
	GlobalSection(ExtensibilityGlobals) = postSolution
		SolutionGuid = {82B5647C-FBBD-4B95-BD95-5B5A2941FA98}
	EndGlobalSection
EndGlobal
