
Microsoft Visual Studio Solution File, Format Version 12.00
# Visual Studio Version 16
VisualStudioVersion = 16.0.31911.196
MinimumVisualStudioVersion = 10.0.40219.1
Project("{2150E333-8FDC-42A3-9474-1A3956D46DE8}") = "FrontEnd", "FrontEnd", "{E6C1FC54-7253-41C0-A0BB-FE9E21F24D10}"
EndProject
Project("{FAE04EC0-301F-11D3-BF4B-00C04F79EFBC}") = "Avocado.Web", "Avocado.Web\Avocado.Web.csproj", "{D79B6AF0-772F-478E-B85B-A8AFA28D1379}"
EndProject
Global
	GlobalSection(SolutionConfigurationPlatforms) = preSolution
		Debug|Any CPU = Debug|Any CPU
		Release|Any CPU = Release|Any CPU
	EndGlobalSection
	GlobalSection(ProjectConfigurationPlatforms) = postSolution
		{D79B6AF0-772F-478E-B85B-A8AFA28D1379}.Debug|Any CPU.ActiveCfg = Debug|Any CPU
		{D79B6AF0-772F-478E-B85B-A8AFA28D1379}.Debug|Any CPU.Build.0 = Debug|Any CPU
		{D79B6AF0-772F-478E-B85B-A8AFA28D1379}.Release|Any CPU.ActiveCfg = Release|Any CPU
		{D79B6AF0-772F-478E-B85B-A8AFA28D1379}.Release|Any CPU.Build.0 = Release|Any CPU
	EndGlobalSection
	GlobalSection(SolutionProperties) = preSolution
		HideSolutionNode = FALSE
	EndGlobalSection
	GlobalSection(NestedProjects) = preSolution
		{D79B6AF0-772F-478E-B85B-A8AFA28D1379} = {E6C1FC54-7253-41C0-A0BB-FE9E21F24D10}
	EndGlobalSection
	GlobalSection(ExtensibilityGlobals) = postSolution
		SolutionGuid = {82B5647C-FBBD-4B95-BD95-5B5A2941FA98}
	EndGlobalSection
EndGlobal
